
Microsoft Visual Studio Solution File, Format Version 12.00
# Visual Studio 15
Project("{FAE04EC0-301F-11D3-BF4B-00C04F79EFBC}") = "Assembly-CSharp", "Assembly-CSharp.csproj", "{9DC61F5D-2D01-1F41-A7BE-03022D8B7204}"
EndProject
Project("{FAE04EC0-301F-11D3-BF4B-00C04F79EFBC}") = "Assembly-CSharp-Editor", "Assembly-CSharp-Editor.csproj", "{FD35291F-C0D0-97A4-FB66-22E8400EB6A8}"
EndProject
Global
	GlobalSection(SolutionConfigurationPlatforms) = preSolution
		Debug|Any CPU = Debug|Any CPU
		Release|Any CPU = Release|Any CPU
	EndGlobalSection
	GlobalSection(ProjectConfigurationPlatforms) = postSolution
		{9DC61F5D-2D01-1F41-A7BE-03022D8B7204}.Debug|Any CPU.ActiveCfg = Debug|Any CPU
		{9DC61F5D-2D01-1F41-A7BE-03022D8B7204}.Debug|Any CPU.Build.0 = Debug|Any CPU
		{9DC61F5D-2D01-1F41-A7BE-03022D8B7204}.Release|Any CPU.ActiveCfg = Release|Any CPU
		{9DC61F5D-2D01-1F41-A7BE-03022D8B7204}.Release|Any CPU.Build.0 = Release|Any CPU
		{FD35291F-C0D0-97A4-FB66-22E8400EB6A8}.Debug|Any CPU.ActiveCfg = Debug|Any CPU
		{FD35291F-C0D0-97A4-FB66-22E8400EB6A8}.Debug|Any CPU.Build.0 = Debug|Any CPU
		{FD35291F-C0D0-97A4-FB66-22E8400EB6A8}.Release|Any CPU.ActiveCfg = Release|Any CPU
		{FD35291F-C0D0-97A4-FB66-22E8400EB6A8}.Release|Any CPU.Build.0 = Release|Any CPU
	EndGlobalSection
	GlobalSection(SolutionProperties) = preSolution
		HideSolutionNode = FALSE
	EndGlobalSection
EndGlobal
